// !$*UTF8*$!
{
	archiveVersion = 1;
	classes = {
	};
	objectVersion = 46;
	objects = {

/* Begin PBXBuildFile section */
		8A256FD814654A1900352424 /* cracks.png in Resources */ = {isa = PBXBuildFile; fileRef = 8A256FD714654A1900352424 /* cracks.png */; };
		8A38D6EA1466A79200655E95 /* play.png in Resources */ = {isa = PBXBuildFile; fileRef = 8A38D6E81466A79200655E95 /* play.png */; };
		8A38D6EB1466A79200655E95 /* pause.png in Resources */ = {isa = PBXBuildFile; fileRef = 8A38D6E91466A79200655E95 /* pause.png */; };
		8A9A412D1464D5F000E4466E /* block_2.png in Resources */ = {isa = PBXBuildFile; fileRef = 8A9A412B1464D5F000E4466E /* block_2.png */; };
		8A9A412E1464D5F000E4466E /* block_3.png in Resources */ = {isa = PBXBuildFile; fileRef = 8A9A412C1464D5F000E4466E /* block_3.png */; };
		8A9A41301464D65800E4466E /* block_4.png in Resources */ = {isa = PBXBuildFile; fileRef = 8A9A412F1464D65800E4466E /* block_4.png */; };
		8A9A41321464D93D00E4466E /* icon.png in Resources */ = {isa = PBXBuildFile; fileRef = 8A9A41311464D93D00E4466E /* icon.png */; };
		8AC329FF1464AD1A00E03EAE /* QuartzCore.framework in Frameworks */ = {isa = PBXBuildFile; fileRef = 8AC329FE1464AD1A00E03EAE /* QuartzCore.framework */; };
		8AE2006914644DA400B57476 /* UIKit.framework in Frameworks */ = {isa = PBXBuildFile; fileRef = 8AE2006814644DA400B57476 /* UIKit.framework */; };
		8AE2006B14644DA400B57476 /* Foundation.framework in Frameworks */ = {isa = PBXBuildFile; fileRef = 8AE2006A14644DA400B57476 /* Foundation.framework */; };
		8AE2006D14644DA400B57476 /* CoreGraphics.framework in Frameworks */ = {isa = PBXBuildFile; fileRef = 8AE2006C14644DA400B57476 /* CoreGraphics.framework */; };
		8AE2007314644DA400B57476 /* InfoPlist.strings in Resources */ = {isa = PBXBuildFile; fileRef = 8AE2007114644DA400B57476 /* InfoPlist.strings */; };
		8AE2007514644DA400B57476 /* main.m in Sources */ = {isa = PBXBuildFile; fileRef = 8AE2007414644DA400B57476 /* main.m */; };
		8AE2007914644DA400B57476 /* BRKAppDelegate.m in Sources */ = {isa = PBXBuildFile; fileRef = 8AE2007814644DA400B57476 /* BRKAppDelegate.m */; };
		8AE2008A1464503E00B57476 /* BRKBlock.m in Sources */ = {isa = PBXBuildFile; fileRef = 8AE200891464503E00B57476 /* BRKBlock.m */; };
		8AE2008E14645DA000B57476 /* BRKStageViewController.m in Sources */ = {isa = PBXBuildFile; fileRef = 8AE2008C14645DA000B57476 /* BRKStageViewController.m */; };
		8AE2008F14645DA000B57476 /* BRKStage.xib in Resources */ = {isa = PBXBuildFile; fileRef = 8AE2008D14645DA000B57476 /* BRKStage.xib */; };
		8AE2009114645ECB00B57476 /* background.jpeg in Resources */ = {isa = PBXBuildFile; fileRef = 8AE2009014645ECB00B57476 /* background.jpeg */; };
		8AFB7FCE1464736700A86502 /* block_1.png in Resources */ = {isa = PBXBuildFile; fileRef = 8AFB7FCD1464736700A86502 /* block_1.png */; };
		8AFB7FD51464787700A86502 /* ball.png in Resources */ = {isa = PBXBuildFile; fileRef = 8AFB7FD31464787700A86502 /* ball.png */; };
		8AFB7FD61464787700A86502 /* paddle.png in Resources */ = {isa = PBXBuildFile; fileRef = 8AFB7FD41464787700A86502 /* paddle.png */; };
		8AFB7FD914647A4000A86502 /* BRKPaddle.m in Sources */ = {isa = PBXBuildFile; fileRef = 8AFB7FD814647A4000A86502 /* BRKPaddle.m */; };
		8AFB7FDC14647D6400A86502 /* BRKBall.m in Sources */ = {isa = PBXBuildFile; fileRef = 8AFB7FDB14647D6400A86502 /* BRKBall.m */; };
/* End PBXBuildFile section */

/* Begin PBXFileReference section */
		8A256FD714654A1900352424 /* cracks.png */ = {isa = PBXFileReference; lastKnownFileType = image.png; path = cracks.png; sourceTree = "<group>"; };
		8A38D6E81466A79200655E95 /* play.png */ = {isa = PBXFileReference; lastKnownFileType = image.png; path = play.png; sourceTree = "<group>"; };
		8A38D6E91466A79200655E95 /* pause.png */ = {isa = PBXFileReference; lastKnownFileType = image.png; path = pause.png; sourceTree = "<group>"; };
		8A9A412B1464D5F000E4466E /* block_2.png */ = {isa = PBXFileReference; lastKnownFileType = image.png; path = block_2.png; sourceTree = "<group>"; };
		8A9A412C1464D5F000E4466E /* block_3.png */ = {isa = PBXFileReference; lastKnownFileType = image.png; path = block_3.png; sourceTree = "<group>"; };
		8A9A412F1464D65800E4466E /* block_4.png */ = {isa = PBXFileReference; lastKnownFileType = image.png; path = block_4.png; sourceTree = "<group>"; };
		8A9A41311464D93D00E4466E /* icon.png */ = {isa = PBXFileReference; lastKnownFileType = image.png; name = icon.png; path = ../icon.png; sourceTree = "<group>"; };
		8AC329FE1464AD1A00E03EAE /* QuartzCore.framework */ = {isa = PBXFileReference; lastKnownFileType = wrapper.framework; name = QuartzCore.framework; path = System/Library/Frameworks/QuartzCore.framework; sourceTree = SDKROOT; };
		8ACBBFAF1467211E00B046C6 /* ball.psd */ = {isa = PBXFileReference; lastKnownFileType = file; path = ball.psd; sourceTree = "<group>"; };
		8ACBBFB01467211E00B046C6 /* block.psd */ = {isa = PBXFileReference; lastKnownFileType = file; path = block.psd; sourceTree = "<group>"; };
		8ACBBFB11467211E00B046C6 /* cracks.psd */ = {isa = PBXFileReference; lastKnownFileType = file; path = cracks.psd; sourceTree = "<group>"; };
		8ACBBFB21467211E00B046C6 /* icon.psd */ = {isa = PBXFileReference; lastKnownFileType = file; path = icon.psd; sourceTree = "<group>"; };
		8ACBBFB31467211E00B046C6 /* paddle.psd */ = {isa = PBXFileReference; lastKnownFileType = file; path = paddle.psd; sourceTree = "<group>"; };
		8ACBBFB41467211E00B046C6 /* playpause.psd */ = {isa = PBXFileReference; lastKnownFileType = file; path = playpause.psd; sourceTree = "<group>"; };
		8AE2006414644DA400B57476 /* Breakout.app */ = {isa = PBXFileReference; explicitFileType = wrapper.application; includeInIndex = 0; path = Breakout.app; sourceTree = BUILT_PRODUCTS_DIR; };
		8AE2006814644DA400B57476 /* UIKit.framework */ = {isa = PBXFileReference; lastKnownFileType = wrapper.framework; name = UIKit.framework; path = System/Library/Frameworks/UIKit.framework; sourceTree = SDKROOT; };
		8AE2006A14644DA400B57476 /* Foundation.framework */ = {isa = PBXFileReference; lastKnownFileType = wrapper.framework; name = Foundation.framework; path = System/Library/Frameworks/Foundation.framework; sourceTree = SDKROOT; };
		8AE2006C14644DA400B57476 /* CoreGraphics.framework */ = {isa = PBXFileReference; lastKnownFileType = wrapper.framework; name = CoreGraphics.framework; path = System/Library/Frameworks/CoreGraphics.framework; sourceTree = SDKROOT; };
		8AE2007014644DA400B57476 /* Breakout-Info.plist */ = {isa = PBXFileReference; lastKnownFileType = text.plist.xml; path = "Breakout-Info.plist"; sourceTree = "<group>"; };
		8AE2007214644DA400B57476 /* en */ = {isa = PBXFileReference; lastKnownFileType = text.plist.strings; name = en; path = en.lproj/InfoPlist.strings; sourceTree = "<group>"; };
		8AE2007414644DA400B57476 /* main.m */ = {isa = PBXFileReference; lastKnownFileType = sourcecode.c.objc; path = main.m; sourceTree = "<group>"; };
		8AE2007614644DA400B57476 /* Breakout-Prefix.pch */ = {isa = PBXFileReference; lastKnownFileType = sourcecode.c.h; path = "Breakout-Prefix.pch"; sourceTree = "<group>"; };
		8AE2007714644DA400B57476 /* BRKAppDelegate.h */ = {isa = PBXFileReference; lastKnownFileType = sourcecode.c.h; path = BRKAppDelegate.h; sourceTree = "<group>"; };
		8AE2007814644DA400B57476 /* BRKAppDelegate.m */ = {isa = PBXFileReference; lastKnownFileType = sourcecode.c.objc; path = BRKAppDelegate.m; sourceTree = "<group>"; };
		8AE200881464503E00B57476 /* BRKBlock.h */ = {isa = PBXFileReference; fileEncoding = 4; lastKnownFileType = sourcecode.c.h; path = BRKBlock.h; sourceTree = "<group>"; };
		8AE200891464503E00B57476 /* BRKBlock.m */ = {isa = PBXFileReference; fileEncoding = 4; lastKnownFileType = sourcecode.c.objc; path = BRKBlock.m; sourceTree = "<group>"; };
		8AE2008B14645DA000B57476 /* BRKStageViewController.h */ = {isa = PBXFileReference; fileEncoding = 4; lastKnownFileType = sourcecode.c.h; path = BRKStageViewController.h; sourceTree = "<group>"; };
		8AE2008C14645DA000B57476 /* BRKStageViewController.m */ = {isa = PBXFileReference; fileEncoding = 4; lastKnownFileType = sourcecode.c.objc; path = BRKStageViewController.m; sourceTree = "<group>"; };
		8AE2008D14645DA000B57476 /* BRKStage.xib */ = {isa = PBXFileReference; fileEncoding = 4; lastKnownFileType = file.xib; path = BRKStage.xib; sourceTree = "<group>"; };
		8AE2009014645ECB00B57476 /* background.jpeg */ = {isa = PBXFileReference; lastKnownFileType = image.jpeg; path = background.jpeg; sourceTree = "<group>"; };
		8AFB7FCD1464736700A86502 /* block_1.png */ = {isa = PBXFileReference; lastKnownFileType = image.png; path = block_1.png; sourceTree = "<group>"; };
		8AFB7FD31464787700A86502 /* ball.png */ = {isa = PBXFileReference; lastKnownFileType = image.png; path = ball.png; sourceTree = "<group>"; };
		8AFB7FD41464787700A86502 /* paddle.png */ = {isa = PBXFileReference; lastKnownFileType = image.png; path = paddle.png; sourceTree = "<group>"; };
		8AFB7FD714647A4000A86502 /* BRKPaddle.h */ = {isa = PBXFileReference; fileEncoding = 4; lastKnownFileType = sourcecode.c.h; path = BRKPaddle.h; sourceTree = "<group>"; };
		8AFB7FD814647A4000A86502 /* BRKPaddle.m */ = {isa = PBXFileReference; fileEncoding = 4; lastKnownFileType = sourcecode.c.objc; path = BRKPaddle.m; sourceTree = "<group>"; };
		8AFB7FDA14647D6400A86502 /* BRKBall.h */ = {isa = PBXFileReference; fileEncoding = 4; lastKnownFileType = sourcecode.c.h; path = BRKBall.h; sourceTree = "<group>"; };
		8AFB7FDB14647D6400A86502 /* BRKBall.m */ = {isa = PBXFileReference; fileEncoding = 4; lastKnownFileType = sourcecode.c.objc; path = BRKBall.m; sourceTree = "<group>"; };
/* End PBXFileReference section */

/* Begin PBXFrameworksBuildPhase section */
		8AE2006114644DA400B57476 /* Frameworks */ = {
			isa = PBXFrameworksBuildPhase;
			buildActionMask = 2147483647;
			files = (
				8AC329FF1464AD1A00E03EAE /* QuartzCore.framework in Frameworks */,
				8AE2006914644DA400B57476 /* UIKit.framework in Frameworks */,
				8AE2006B14644DA400B57476 /* Foundation.framework in Frameworks */,
				8AE2006D14644DA400B57476 /* CoreGraphics.framework in Frameworks */,
			);
			runOnlyForDeploymentPostprocessing = 0;
		};
/* End PBXFrameworksBuildPhase section */

/* Begin PBXGroup section */
		8ACBBF8B14671EC200B046C6 /* Assets */ = {
			isa = PBXGroup;
			children = (
				8AE2008D14645DA000B57476 /* BRKStage.xib */,
				8A9A41311464D93D00E4466E /* icon.png */,
				8AFB7FD31464787700A86502 /* ball.png */,
				8AFB7FD41464787700A86502 /* paddle.png */,
				8AFB7FCD1464736700A86502 /* block_1.png */,
				8A9A412B1464D5F000E4466E /* block_2.png */,
				8A9A412C1464D5F000E4466E /* block_3.png */,
				8A9A412F1464D65800E4466E /* block_4.png */,
				8A256FD714654A1900352424 /* cracks.png */,
				8AE2009014645ECB00B57476 /* background.jpeg */,
				8A38D6E81466A79200655E95 /* play.png */,
				8A38D6E91466A79200655E95 /* pause.png */,
			);
			name = Assets;
			sourceTree = "<group>";
		};
		8ACBBFAE1467211E00B046C6 /* ArtWork */ = {
			isa = PBXGroup;
			children = (
				8ACBBFAF1467211E00B046C6 /* ball.psd */,
				8ACBBFB01467211E00B046C6 /* block.psd */,
				8ACBBFB11467211E00B046C6 /* cracks.psd */,
				8ACBBFB21467211E00B046C6 /* icon.psd */,
				8ACBBFB31467211E00B046C6 /* paddle.psd */,
				8ACBBFB41467211E00B046C6 /* playpause.psd */,
			);
			path = ArtWork;
			sourceTree = "<group>";
		};
		8AE2005914644DA400B57476 = {
			isa = PBXGroup;
			children = (
				8AE2006E14644DA400B57476 /* Breakout */,
				8AE2006714644DA400B57476 /* Frameworks */,
				8AE2006514644DA400B57476 /* Products */,
			);
			sourceTree = "<group>";
		};
		8AE2006514644DA400B57476 /* Products */ = {
			isa = PBXGroup;
			children = (
				8AE2006414644DA400B57476 /* Breakout.app */,
			);
			name = Products;
			sourceTree = "<group>";
		};
		8AE2006714644DA400B57476 /* Frameworks */ = {
			isa = PBXGroup;
			children = (
				8AC329FE1464AD1A00E03EAE /* QuartzCore.framework */,
				8AE2006814644DA400B57476 /* UIKit.framework */,
				8AE2006A14644DA400B57476 /* Foundation.framework */,
				8AE2006C14644DA400B57476 /* CoreGraphics.framework */,
			);
			name = Frameworks;
			sourceTree = "<group>";
		};
		8AE2006E14644DA400B57476 /* Breakout */ = {
			isa = PBXGroup;
			children = (
				8AE2007714644DA400B57476 /* BRKAppDelegate.h */,
				8AE2007814644DA400B57476 /* BRKAppDelegate.m */,
				8AE2008B14645DA000B57476 /* BRKStageViewController.h */,
				8AE2008C14645DA000B57476 /* BRKStageViewController.m */,
				8AE200881464503E00B57476 /* BRKBlock.h */,
				8AE200891464503E00B57476 /* BRKBlock.m */,
				8AFB7FDA14647D6400A86502 /* BRKBall.h */,
				8AFB7FDB14647D6400A86502 /* BRKBall.m */,
				8AFB7FD714647A4000A86502 /* BRKPaddle.h */,
				8AFB7FD814647A4000A86502 /* BRKPaddle.m */,
				8AE2006F14644DA400B57476 /* Supporting Files */,
				8ACBBF8B14671EC200B046C6 /* Assets */,
				8ACBBFAE1467211E00B046C6 /* ArtWork */,
			);
			path = Breakout;
			sourceTree = "<group>";
		};
		8AE2006F14644DA400B57476 /* Supporting Files */ = {
			isa = PBXGroup;
			children = (
				8AE2007014644DA400B57476 /* Breakout-Info.plist */,
				8AE2007114644DA400B57476 /* InfoPlist.strings */,
				8AE2007414644DA400B57476 /* main.m */,
				8AE2007614644DA400B57476 /* Breakout-Prefix.pch */,
			);
			name = "Supporting Files";
			sourceTree = "<group>";
		};
/* End PBXGroup section */

/* Begin PBXNativeTarget section */
		8AE2006314644DA400B57476 /* Breakout */ = {
			isa = PBXNativeTarget;
			buildConfigurationList = 8AE2007C14644DA400B57476 /* Build configuration list for PBXNativeTarget "Breakout" */;
			buildPhases = (
				8AE2006014644DA400B57476 /* Sources */,
				8AE2006114644DA400B57476 /* Frameworks */,
				8AE2006214644DA400B57476 /* Resources */,
			);
			buildRules = (
			);
			dependencies = (
			);
			name = Breakout;
			productName = Breakout;
			productReference = 8AE2006414644DA400B57476 /* Breakout.app */;
			productType = "com.apple.product-type.application";
		};
/* End PBXNativeTarget section */

/* Begin PBXProject section */
		8AE2005B14644DA400B57476 /* Project object */ = {
			isa = PBXProject;
			attributes = {
				LastUpgradeCheck = 0420;
				ORGANIZATIONNAME = ChalmersTH;
			};
			buildConfigurationList = 8AE2005E14644DA400B57476 /* Build configuration list for PBXProject "Breakout" */;
			compatibilityVersion = "Xcode 3.2";
			developmentRegion = English;
			hasScannedForEncodings = 0;
			knownRegions = (
				en,
			);
			mainGroup = 8AE2005914644DA400B57476;
			productRefGroup = 8AE2006514644DA400B57476 /* Products */;
			projectDirPath = "";
			projectRoot = "";
			targets = (
				8AE2006314644DA400B57476 /* Breakout */,
			);
		};
/* End PBXProject section */

/* Begin PBXResourcesBuildPhase section */
		8AE2006214644DA400B57476 /* Resources */ = {
			isa = PBXResourcesBuildPhase;
			buildActionMask = 2147483647;
			files = (
				8AE2007314644DA400B57476 /* InfoPlist.strings in Resources */,
				8AE2008F14645DA000B57476 /* BRKStage.xib in Resources */,
				8AE2009114645ECB00B57476 /* background.jpeg in Resources */,
				8AFB7FCE1464736700A86502 /* block_1.png in Resources */,
				8AFB7FD51464787700A86502 /* ball.png in Resources */,
				8AFB7FD61464787700A86502 /* paddle.png in Resources */,
				8A9A412D1464D5F000E4466E /* block_2.png in Resources */,
				8A9A412E1464D5F000E4466E /* block_3.png in Resources */,
				8A9A41301464D65800E4466E /* block_4.png in Resources */,
				8A9A41321464D93D00E4466E /* icon.png in Resources */,
				8A256FD814654A1900352424 /* cracks.png in Resources */,
				8A38D6EA1466A79200655E95 /* play.png in Resources */,
				8A38D6EB1466A79200655E95 /* pause.png in Resources */,
			);
			runOnlyForDeploymentPostprocessing = 0;
		};
/* End PBXResourcesBuildPhase section */

/* Begin PBXSourcesBuildPhase section */
		8AE2006014644DA400B57476 /* Sources */ = {
			isa = PBXSourcesBuildPhase;
			buildActionMask = 2147483647;
			files = (
				8AE2007514644DA400B57476 /* main.m in Sources */,
				8AE2007914644DA400B57476 /* BRKAppDelegate.m in Sources */,
				8AE2008A1464503E00B57476 /* BRKBlock.m in Sources */,
				8AE2008E14645DA000B57476 /* BRKStageViewController.m in Sources */,
				8AFB7FD914647A4000A86502 /* BRKPaddle.m in Sources */,
				8AFB7FDC14647D6400A86502 /* BRKBall.m in Sources */,
			);
			runOnlyForDeploymentPostprocessing = 0;
		};
/* End PBXSourcesBuildPhase section */

/* Begin PBXVariantGroup section */
		8AE2007114644DA400B57476 /* InfoPlist.strings */ = {
			isa = PBXVariantGroup;
			children = (
				8AE2007214644DA400B57476 /* en */,
			);
			name = InfoPlist.strings;
			sourceTree = "<group>";
		};
/* End PBXVariantGroup section */

/* Begin XCBuildConfiguration section */
		8AE2007A14644DA400B57476 /* Debug */ = {
			isa = XCBuildConfiguration;
			buildSettings = {
				ALWAYS_SEARCH_USER_PATHS = NO;
				ARCHS = "$(ARCHS_STANDARD_32_BIT)";
				CLANG_ENABLE_OBJC_ARC = YES;
				"CODE_SIGN_IDENTITY[sdk=iphoneos*]" = "iPhone Developer";
				COPY_PHASE_STRIP = NO;
				GCC_C_LANGUAGE_STANDARD = gnu99;
				GCC_DYNAMIC_NO_PIC = NO;
				GCC_OPTIMIZATION_LEVEL = 0;
				GCC_PREPROCESSOR_DEFINITIONS = (
					"DEBUG=1",
					"$(inherited)",
				);
				GCC_SYMBOLS_PRIVATE_EXTERN = NO;
				GCC_VERSION = com.apple.compilers.llvm.clang.1_0;
				GCC_WARN_ABOUT_MISSING_PROTOTYPES = YES;
				GCC_WARN_ABOUT_RETURN_TYPE = YES;
				GCC_WARN_UNUSED_VARIABLE = YES;
				IPHONEOS_DEPLOYMENT_TARGET = 5.0;
				SDKROOT = iphoneos;
			};
			name = Debug;
		};
		8AE2007B14644DA400B57476 /* Release */ = {
			isa = XCBuildConfiguration;
			buildSettings = {
				ALWAYS_SEARCH_USER_PATHS = NO;
				ARCHS = "$(ARCHS_STANDARD_32_BIT)";
				CLANG_ENABLE_OBJC_ARC = YES;
				"CODE_SIGN_IDENTITY[sdk=iphoneos*]" = "iPhone Developer";
				COPY_PHASE_STRIP = YES;
				GCC_C_LANGUAGE_STANDARD = gnu99;
				GCC_VERSION = com.apple.compilers.llvm.clang.1_0;
				GCC_WARN_ABOUT_MISSING_PROTOTYPES = YES;
				GCC_WARN_ABOUT_RETURN_TYPE = YES;
				GCC_WARN_UNUSED_VARIABLE = YES;
				IPHONEOS_DEPLOYMENT_TARGET = 5.0;
				OTHER_CFLAGS = "-DNS_BLOCK_ASSERTIONS=1";
				SDKROOT = iphoneos;
				VALIDATE_PRODUCT = YES;
			};
			name = Release;
		};
		8AE2007D14644DA400B57476 /* Debug */ = {
			isa = XCBuildConfiguration;
			buildSettings = {
				GCC_PRECOMPILE_PREFIX_HEADER = YES;
				GCC_PREFIX_HEADER = "Breakout/Breakout-Prefix.pch";
				INFOPLIST_FILE = "Breakout/Breakout-Info.plist";
				PRODUCT_NAME = "$(TARGET_NAME)";
				WRAPPER_EXTENSION = app;
			};
			name = Debug;
		};
		8AE2007E14644DA400B57476 /* Release */ = {
			isa = XCBuildConfiguration;
			buildSettings = {
				GCC_PRECOMPILE_PREFIX_HEADER = YES;
				GCC_PREFIX_HEADER = "Breakout/Breakout-Prefix.pch";
				INFOPLIST_FILE = "Breakout/Breakout-Info.plist";
				PRODUCT_NAME = "$(TARGET_NAME)";
				WRAPPER_EXTENSION = app;
			};
			name = Release;
		};
/* End XCBuildConfiguration section */

/* Begin XCConfigurationList section */
		8AE2005E14644DA400B57476 /* Build configuration list for PBXProject "Breakout" */ = {
			isa = XCConfigurationList;
			buildConfigurations = (
				8AE2007A14644DA400B57476 /* Debug */,
				8AE2007B14644DA400B57476 /* Release */,
			);
			defaultConfigurationIsVisible = 0;
			defaultConfigurationName = Release;
		};
		8AE2007C14644DA400B57476 /* Build configuration list for PBXNativeTarget "Breakout" */ = {
			isa = XCConfigurationList;
			buildConfigurations = (
				8AE2007D14644DA400B57476 /* Debug */,
				8AE2007E14644DA400B57476 /* Release */,
			);
			defaultConfigurationIsVisible = 0;
			defaultConfigurationName = Release;
		};
/* End XCConfigurationList section */
	};
	rootObject = 8AE2005B14644DA400B57476 /* Project object */;
}
